
Microsoft Visual Studio Solution File, Format Version 12.00
# Visual Studio Version 17
VisualStudioVersion = 17.12.35707.178
MinimumVisualStudioVersion = 10.0.40219.1
Project("{FAE04EC0-301F-11D3-BF4B-00C04F79EFBC}") = "ProtoService", "ProtoService\ProtoService.csproj", "{7250583F-92AD-4CA2-A769-4499FBB4E8B8}"
EndProject
Project("{FAE04EC0-301F-11D3-BF4B-00C04F79EFBC}") = "ProtoClient", "ProtoClient\ProtoClient.csproj", "{A1202DC3-AB2A-4024-9574-647C8DFA3AF1}"
EndProject
Project("{2150E333-8FDC-42A3-9474-1A3956D46DE8}") = "Solution Items", "Solution Items", "{23249603-E77D-416C-86C6-3B011B73D933}"
	ProjectSection(SolutionItems) = preProject
		README.md = README.md
	EndProjectSection
EndProject
Global
	GlobalSection(SolutionConfigurationPlatforms) = preSolution
		Debug|Any CPU = Debug|Any CPU
		Release|Any CPU = Release|Any CPU
	EndGlobalSection
	GlobalSection(ProjectConfigurationPlatforms) = postSolution
		{7250583F-92AD-4CA2-A769-4499FBB4E8B8}.Debug|Any CPU.ActiveCfg = Debug|Any CPU
		{7250583F-92AD-4CA2-A769-4499FBB4E8B8}.Debug|Any CPU.Build.0 = Debug|Any CPU
		{7250583F-92AD-4CA2-A769-4499FBB4E8B8}.Release|Any CPU.ActiveCfg = Release|Any CPU
		{7250583F-92AD-4CA2-A769-4499FBB4E8B8}.Release|Any CPU.Build.0 = Release|Any CPU
		{A1202DC3-AB2A-4024-9574-647C8DFA3AF1}.Debug|Any CPU.ActiveCfg = Debug|Any CPU
		{A1202DC3-AB2A-4024-9574-647C8DFA3AF1}.Debug|Any CPU.Build.0 = Debug|Any CPU
		{A1202DC3-AB2A-4024-9574-647C8DFA3AF1}.Release|Any CPU.ActiveCfg = Release|Any CPU
		{A1202DC3-AB2A-4024-9574-647C8DFA3AF1}.Release|Any CPU.Build.0 = Release|Any CPU
	EndGlobalSection
	GlobalSection(SolutionProperties) = preSolution
		HideSolutionNode = FALSE
	EndGlobalSection
EndGlobal
